// !$*UTF8*$!
{
	archiveVersion = 1;
	classes = {
	};
	objectVersion = 77;
	objects = {

/* Begin PBXBuildFile section */
		F556A7722CF30EF00067A12A /* Preview Assets.xcassets in Resources */ = {isa = PBXBuildFile; fileRef = F556A7682CF30EF00067A12A /* Preview Assets.xcassets */; };
		F556A7732CF30EF00067A12A /* Assets.xcassets in Resources */ = {isa = PBXBuildFile; fileRef = F556A76F2CF30EF00067A12A /* Assets.xcassets */; };
		F556A7742CF30EF00067A12A /* Post.swift in Sources */ = {isa = PBXBuildFile; fileRef = F556A7662CF30EF00067A12A /* Post.swift */; };
		F556A7752CF30EF00067A12A /* ContentView.swift in Sources */ = {isa = PBXBuildFile; fileRef = F556A76A2CF30EF00067A12A /* ContentView.swift */; };
		F556A7762CF30EF00067A12A /* PostViewModel.swift in Sources */ = {isa = PBXBuildFile; fileRef = F556A76C2CF30EF00067A12A /* PostViewModel.swift */; };
		F556A7772CF30EF00067A12A /* AlamofireCombinePracticeApp.swift in Sources */ = {isa = PBXBuildFile; fileRef = F556A76E2CF30EF00067A12A /* AlamofireCombinePracticeApp.swift */; };
		F556A7782CF30EF00067A12A /* NetworkManager.swift in Sources */ = {isa = PBXBuildFile; fileRef = F556A7702CF30EF00067A12A /* NetworkManager.swift */; };
		F556A77C2CF3109E0067A12A /* Alamofire in Frameworks */ = {isa = PBXBuildFile; productRef = F556A77B2CF3109E0067A12A /* Alamofire */; };
/* End PBXBuildFile section */

/* Begin PBXCopyFilesBuildPhase section */
		F556A7802CF313AD0067A12A /* Embed Frameworks */ = {
			isa = PBXCopyFilesBuildPhase;
			buildActionMask = 2147483647;
			dstPath = "";
			dstSubfolderSpec = 10;
			files = (
			);
			name = "Embed Frameworks";
			runOnlyForDeploymentPostprocessing = 0;
		};
/* End PBXCopyFilesBuildPhase section */

/* Begin PBXFileReference section */
		F556A74C2CF30E800067A12A /* AlamofireCombinePractice.app */ = {isa = PBXFileReference; explicitFileType = wrapper.application; includeInIndex = 0; path = AlamofireCombinePractice.app; sourceTree = BUILT_PRODUCTS_DIR; };
		F556A7662CF30EF00067A12A /* Post.swift */ = {isa = PBXFileReference; lastKnownFileType = sourcecode.swift; path = Post.swift; sourceTree = "<group>"; };
		F556A7682CF30EF00067A12A /* Preview Assets.xcassets */ = {isa = PBXFileReference; lastKnownFileType = folder.assetcatalog; path = "Preview Assets.xcassets"; sourceTree = "<group>"; };
		F556A76A2CF30EF00067A12A /* ContentView.swift */ = {isa = PBXFileReference; lastKnownFileType = sourcecode.swift; path = ContentView.swift; sourceTree = "<group>"; };
		F556A76C2CF30EF00067A12A /* PostViewModel.swift */ = {isa = PBXFileReference; lastKnownFileType = sourcecode.swift; path = PostViewModel.swift; sourceTree = "<group>"; };
		F556A76E2CF30EF00067A12A /* AlamofireCombinePracticeApp.swift */ = {isa = PBXFileReference; lastKnownFileType = sourcecode.swift; path = AlamofireCombinePracticeApp.swift; sourceTree = "<group>"; };
		F556A76F2CF30EF00067A12A /* Assets.xcassets */ = {isa = PBXFileReference; lastKnownFileType = folder.assetcatalog; path = Assets.xcassets; sourceTree = "<group>"; };
		F556A7702CF30EF00067A12A /* NetworkManager.swift */ = {isa = PBXFileReference; lastKnownFileType = sourcecode.swift; path = NetworkManager.swift; sourceTree = "<group>"; };
/* End PBXFileReference section */

/* Begin PBXFrameworksBuildPhase section */
		F556A7492CF30E800067A12A /* Frameworks */ = {
			isa = PBXFrameworksBuildPhase;
			buildActionMask = 2147483647;
			files = (
				F556A77C2CF3109E0067A12A /* Alamofire in Frameworks */,
			);
			runOnlyForDeploymentPostprocessing = 0;
		};
/* End PBXFrameworksBuildPhase section */

/* Begin PBXGroup section */
		F556A7432CF30E800067A12A = {
			isa = PBXGroup;
			children = (
				F556A7712CF30EF00067A12A /* AlamofireCombinePractice */,
				F556A74D2CF30E800067A12A /* Products */,
			);
			sourceTree = "<group>";
		};
		F556A74D2CF30E800067A12A /* Products */ = {
			isa = PBXGroup;
			children = (
				F556A74C2CF30E800067A12A /* AlamofireCombinePractice.app */,
			);
			name = Products;
			sourceTree = "<group>";
		};
		F556A7672CF30EF00067A12A /* Models */ = {
			isa = PBXGroup;
			children = (
				F556A7662CF30EF00067A12A /* Post.swift */,
			);
			path = Models;
			sourceTree = "<group>";
		};
		F556A7692CF30EF00067A12A /* Preview Content */ = {
			isa = PBXGroup;
			children = (
				F556A7682CF30EF00067A12A /* Preview Assets.xcassets */,
			);
			path = "Preview Content";
			sourceTree = "<group>";
		};
		F556A76B2CF30EF00067A12A /* VIews */ = {
			isa = PBXGroup;
			children = (
				F556A76A2CF30EF00067A12A /* ContentView.swift */,
			);
			path = VIews;
			sourceTree = "<group>";
		};
		F556A76D2CF30EF00067A12A /* ViewModels */ = {
			isa = PBXGroup;
			children = (
				F556A76C2CF30EF00067A12A /* PostViewModel.swift */,
			);
			path = ViewModels;
			sourceTree = "<group>";
		};
		F556A7712CF30EF00067A12A /* AlamofireCombinePractice */ = {
			isa = PBXGroup;
			children = (
				F556A7672CF30EF00067A12A /* Models */,
				F556A76B2CF30EF00067A12A /* VIews */,
				F556A76D2CF30EF00067A12A /* ViewModels */,
				F556A7792CF30F750067A12A /* Services */,
				F556A76E2CF30EF00067A12A /* AlamofireCombinePracticeApp.swift */,
				F556A76F2CF30EF00067A12A /* Assets.xcassets */,
				F556A7692CF30EF00067A12A /* Preview Content */,
			);
			path = AlamofireCombinePractice;
			sourceTree = "<group>";
		};
		F556A7792CF30F750067A12A /* Services */ = {
			isa = PBXGroup;
			children = (
				F556A7702CF30EF00067A12A /* NetworkManager.swift */,
			);
			path = Services;
			sourceTree = "<group>";
		};
/* End PBXGroup section */

/* Begin PBXNativeTarget section */
		F556A74B2CF30E800067A12A /* AlamofireCombinePractice */ = {
			isa = PBXNativeTarget;
			buildConfigurationList = F556A75A2CF30E810067A12A /* Build configuration list for PBXNativeTarget "AlamofireCombinePractice" */;
			buildPhases = (
				F556A7482CF30E800067A12A /* Sources */,
				F556A7492CF30E800067A12A /* Frameworks */,
				F556A74A2CF30E800067A12A /* Resources */,
				F556A7802CF313AD0067A12A /* Embed Frameworks */,
			);
			buildRules = (
			);
			dependencies = (
			);
			name = AlamofireCombinePractice;
			packageProductDependencies = (
				F556A77B2CF3109E0067A12A /* Alamofire */,
			);
			productName = AlamofireCombinePractice;
			productReference = F556A74C2CF30E800067A12A /* AlamofireCombinePractice.app */;
			productType = "com.apple.product-type.application";
		};
/* End PBXNativeTarget section */

/* Begin PBXProject section */
		F556A7442CF30E800067A12A /* Project object */ = {
			isa = PBXProject;
			attributes = {
				BuildIndependentTargetsInParallel = 1;
				LastSwiftUpdateCheck = 1610;
				LastUpgradeCheck = 1610;
				TargetAttributes = {
					F556A74B2CF30E800067A12A = {
						CreatedOnToolsVersion = 16.1;
					};
				};
			};
			buildConfigurationList = F556A7472CF30E800067A12A /* Build configuration list for PBXProject "AlamofireCombinePractice" */;
			developmentRegion = en;
			hasScannedForEncodings = 0;
			knownRegions = (
				en,
				Base,
			);
			mainGroup = F556A7432CF30E800067A12A;
			minimizedProjectReferenceProxies = 1;
			packageReferences = (
				F556A77A2CF3109E0067A12A /* XCRemoteSwiftPackageReference "Alamofire" */,
			);
			preferredProjectObjectVersion = 77;
			productRefGroup = F556A74D2CF30E800067A12A /* Products */;
			projectDirPath = "";
			projectRoot = "";
			targets = (
				F556A74B2CF30E800067A12A /* AlamofireCombinePractice */,
			);
		};
/* End PBXProject section */

/* Begin PBXResourcesBuildPhase section */
		F556A74A2CF30E800067A12A /* Resources */ = {
			isa = PBXResourcesBuildPhase;
			buildActionMask = 2147483647;
			files = (
				F556A7722CF30EF00067A12A /* Preview Assets.xcassets in Resources */,
				F556A7732CF30EF00067A12A /* Assets.xcassets in Resources */,
			);
			runOnlyForDeploymentPostprocessing = 0;
		};
/* End PBXResourcesBuildPhase section */

/* Begin PBXSourcesBuildPhase section */
		F556A7482CF30E800067A12A /* Sources */ = {
			isa = PBXSourcesBuildPhase;
			buildActionMask = 2147483647;
			files = (
				F556A7742CF30EF00067A12A /* Post.swift in Sources */,
				F556A7752CF30EF00067A12A /* ContentView.swift in Sources */,
				F556A7762CF30EF00067A12A /* PostViewModel.swift in Sources */,
				F556A7772CF30EF00067A12A /* AlamofireCombinePracticeApp.swift in Sources */,
				F556A7782CF30EF00067A12A /* NetworkManager.swift in Sources */,
			);
			runOnlyForDeploymentPostprocessing = 0;
		};
/* End PBXSourcesBuildPhase section */

/* Begin XCBuildConfiguration section */
		F556A7582CF30E810067A12A /* Debug */ = {
			isa = XCBuildConfiguration;
			buildSettings = {
				ALWAYS_SEARCH_USER_PATHS = NO;
				ASSETCATALOG_COMPILER_GENERATE_SWIFT_ASSET_SYMBOL_EXTENSIONS = YES;
				CLANG_ANALYZER_NONNULL = YES;
				CLANG_ANALYZER_NUMBER_OBJECT_CONVERSION = YES_AGGRESSIVE;
				CLANG_CXX_LANGUAGE_STANDARD = "gnu++20";
				CLANG_ENABLE_MODULES = YES;
				CLANG_ENABLE_OBJC_ARC = YES;
				CLANG_ENABLE_OBJC_WEAK = YES;
				CLANG_WARN_BLOCK_CAPTURE_AUTORELEASING = YES;
				CLANG_WARN_BOOL_CONVERSION = YES;
				CLANG_WARN_COMMA = YES;
				CLANG_WARN_CONSTANT_CONVERSION = YES;
				CLANG_WARN_DEPRECATED_OBJC_IMPLEMENTATIONS = YES;
				CLANG_WARN_DIRECT_OBJC_ISA_USAGE = YES_ERROR;
				CLANG_WARN_DOCUMENTATION_COMMENTS = YES;
				CLANG_WARN_EMPTY_BODY = YES;
				CLANG_WARN_ENUM_CONVERSION = YES;
				CLANG_WARN_INFINITE_RECURSION = YES;
				CLANG_WARN_INT_CONVERSION = YES;
				CLANG_WARN_NON_LITERAL_NULL_CONVERSION = YES;
				CLANG_WARN_OBJC_IMPLICIT_RETAIN_SELF = YES;
				CLANG_WARN_OBJC_LITERAL_CONVERSION = YES;
				CLANG_WARN_OBJC_ROOT_CLASS = YES_ERROR;
				CLANG_WARN_QUOTED_INCLUDE_IN_FRAMEWORK_HEADER = YES;
				CLANG_WARN_RANGE_LOOP_ANALYSIS = YES;
				CLANG_WARN_STRICT_PROTOTYPES = YES;
				CLANG_WARN_SUSPICIOUS_MOVE = YES;
				CLANG_WARN_UNGUARDED_AVAILABILITY = YES_AGGRESSIVE;
				CLANG_WARN_UNREACHABLE_CODE = YES;
				CLANG_WARN__DUPLICATE_METHOD_MATCH = YES;
				COPY_PHASE_STRIP = NO;
				DEBUG_INFORMATION_FORMAT = dwarf;
				ENABLE_STRICT_OBJC_MSGSEND = YES;
				ENABLE_TESTABILITY = YES;
				ENABLE_USER_SCRIPT_SANDBOXING = YES;
				GCC_C_LANGUAGE_STANDARD = gnu17;
				GCC_DYNAMIC_NO_PIC = NO;
				GCC_NO_COMMON_BLOCKS = YES;
				GCC_OPTIMIZATION_LEVEL = 0;
				GCC_PREPROCESSOR_DEFINITIONS = (
					"DEBUG=1",
					"$(inherited)",
				);
				GCC_WARN_64_TO_32_BIT_CONVERSION = YES;
				GCC_WARN_ABOUT_RETURN_TYPE = YES_ERROR;
				GCC_WARN_UNDECLARED_SELECTOR = YES;
				GCC_WARN_UNINITIALIZED_AUTOS = YES_AGGRESSIVE;
				GCC_WARN_UNUSED_FUNCTION = YES;
				GCC_WARN_UNUSED_VARIABLE = YES;
				IPHONEOS_DEPLOYMENT_TARGET = 18.1;
				LOCALIZATION_PREFERS_STRING_CATALOGS = YES;
				MTL_ENABLE_DEBUG_INFO = INCLUDE_SOURCE;
				MTL_FAST_MATH = YES;
				ONLY_ACTIVE_ARCH = YES;
				SDKROOT = iphoneos;
				SWIFT_ACTIVE_COMPILATION_CONDITIONS = "DEBUG $(inherited)";
				SWIFT_OPTIMIZATION_LEVEL = "-Onone";
			};
			name = Debug;
		};
		F556A7592CF30E810067A12A /* Release */ = {
			isa = XCBuildConfiguration;
			buildSettings = {
				ALWAYS_SEARCH_USER_PATHS = NO;
				ASSETCATALOG_COMPILER_GENERATE_SWIFT_ASSET_SYMBOL_EXTENSIONS = YES;
				CLANG_ANALYZER_NONNULL = YES;
				CLANG_ANALYZER_NUMBER_OBJECT_CONVERSION = YES_AGGRESSIVE;
				CLANG_CXX_LANGUAGE_STANDARD = "gnu++20";
				CLANG_ENABLE_MODULES = YES;
				CLANG_ENABLE_OBJC_ARC = YES;
				CLANG_ENABLE_OBJC_WEAK = YES;
				CLANG_WARN_BLOCK_CAPTURE_AUTORELEASING = YES;
				CLANG_WARN_BOOL_CONVERSION = YES;
				CLANG_WARN_COMMA = YES;
				CLANG_WARN_CONSTANT_CONVERSION = YES;
				CLANG_WARN_DEPRECATED_OBJC_IMPLEMENTATIONS = YES;
				CLANG_WARN_DIRECT_OBJC_ISA_USAGE = YES_ERROR;
				CLANG_WARN_DOCUMENTATION_COMMENTS = YES;
				CLANG_WARN_EMPTY_BODY = YES;
				CLANG_WARN_ENUM_CONVERSION = YES;
				CLANG_WARN_INFINITE_RECURSION = YES;
				CLANG_WARN_INT_CONVERSION = YES;
				CLANG_WARN_NON_LITERAL_NULL_CONVERSION = YES;
				CLANG_WARN_OBJC_IMPLICIT_RETAIN_SELF = YES;
				CLANG_WARN_OBJC_LITERAL_CONVERSION = YES;
				CLANG_WARN_OBJC_ROOT_CLASS = YES_ERROR;
				CLANG_WARN_QUOTED_INCLUDE_IN_FRAMEWORK_HEADER = YES;
				CLANG_WARN_RANGE_LOOP_ANALYSIS = YES;
				CLANG_WARN_STRICT_PROTOTYPES = YES;
				CLANG_WARN_SUSPICIOUS_MOVE = YES;
				CLANG_WARN_UNGUARDED_AVAILABILITY = YES_AGGRESSIVE;
				CLANG_WARN_UNREACHABLE_CODE = YES;
				CLANG_WARN__DUPLICATE_METHOD_MATCH = YES;
				COPY_PHASE_STRIP = NO;
				DEBUG_INFORMATION_FORMAT = "dwarf-with-dsym";
				ENABLE_NS_ASSERTIONS = NO;
				ENABLE_STRICT_OBJC_MSGSEND = YES;
				ENABLE_USER_SCRIPT_SANDBOXING = YES;
				GCC_C_LANGUAGE_STANDARD = gnu17;
				GCC_NO_COMMON_BLOCKS = YES;
				GCC_WARN_64_TO_32_BIT_CONVERSION = YES;
				GCC_WARN_ABOUT_RETURN_TYPE = YES_ERROR;
				GCC_WARN_UNDECLARED_SELECTOR = YES;
				GCC_WARN_UNINITIALIZED_AUTOS = YES_AGGRESSIVE;
				GCC_WARN_UNUSED_FUNCTION = YES;
				GCC_WARN_UNUSED_VARIABLE = YES;
				IPHONEOS_DEPLOYMENT_TARGET = 18.1;
				LOCALIZATION_PREFERS_STRING_CATALOGS = YES;
				MTL_ENABLE_DEBUG_INFO = NO;
				MTL_FAST_MATH = YES;
				SDKROOT = iphoneos;
				SWIFT_COMPILATION_MODE = wholemodule;
				VALIDATE_PRODUCT = YES;
			};
			name = Release;
		};
		F556A75B2CF30E810067A12A /* Debug */ = {
			isa = XCBuildConfiguration;
			buildSettings = {
				ASSETCATALOG_COMPILER_APPICON_NAME = AppIcon;
				ASSETCATALOG_COMPILER_GLOBAL_ACCENT_COLOR_NAME = AccentColor;
				CODE_SIGN_STYLE = Automatic;
				CURRENT_PROJECT_VERSION = 1;
				DEVELOPMENT_ASSET_PATHS = "\"AlamofireCombinePractice/Preview Content\"";
				DEVELOPMENT_TEAM = Q576T6797N;
				ENABLE_PREVIEWS = YES;
				GENERATE_INFOPLIST_FILE = YES;
				INFOPLIST_KEY_UIApplicationSceneManifest_Generation = YES;
				INFOPLIST_KEY_UIApplicationSupportsIndirectInputEvents = YES;
				INFOPLIST_KEY_UILaunchScreen_Generation = YES;
				INFOPLIST_KEY_UISupportedInterfaceOrientations_iPad = "UIInterfaceOrientationPortrait UIInterfaceOrientationPortraitUpsideDown UIInterfaceOrientationLandscapeLeft UIInterfaceOrientationLandscapeRight";
				INFOPLIST_KEY_UISupportedInterfaceOrientations_iPhone = "UIInterfaceOrientationPortrait UIInterfaceOrientationLandscapeLeft UIInterfaceOrientationLandscapeRight";
				IPHONEOS_DEPLOYMENT_TARGET = 18.0;
				LD_RUNPATH_SEARCH_PATHS = (
					"$(inherited)",
					"@executable_path/Frameworks",
				);
				MARKETING_VERSION = 1.0;
				PRODUCT_BUNDLE_IDENTIFIER = com.JunKyuLee.AlamofireCombinePractice;
				PRODUCT_NAME = "$(TARGET_NAME)";
				SWIFT_EMIT_LOC_STRINGS = YES;
				SWIFT_VERSION = 5.0;
				TARGETED_DEVICE_FAMILY = "1,2";
			};
			name = Debug;
		};
		F556A75C2CF30E810067A12A /* Release */ = {
			isa = XCBuildConfiguration;
			buildSettings = {
				ASSETCATALOG_COMPILER_APPICON_NAME = AppIcon;
				ASSETCATALOG_COMPILER_GLOBAL_ACCENT_COLOR_NAME = AccentColor;
				CODE_SIGN_STYLE = Automatic;
				CURRENT_PROJECT_VERSION = 1;
				DEVELOPMENT_ASSET_PATHS = "\"AlamofireCombinePractice/Preview Content\"";
				DEVELOPMENT_TEAM = Q576T6797N;
				ENABLE_PREVIEWS = YES;
				GENERATE_INFOPLIST_FILE = YES;
				INFOPLIST_KEY_UIApplicationSceneManifest_Generation = YES;
				INFOPLIST_KEY_UIApplicationSupportsIndirectInputEvents = YES;
				INFOPLIST_KEY_UILaunchScreen_Generation = YES;
				INFOPLIST_KEY_UISupportedInterfaceOrientations_iPad = "UIInterfaceOrientationPortrait UIInterfaceOrientationPortraitUpsideDown UIInterfaceOrientationLandscapeLeft UIInterfaceOrientationLandscapeRight";
				INFOPLIST_KEY_UISupportedInterfaceOrientations_iPhone = "UIInterfaceOrientationPortrait UIInterfaceOrientationLandscapeLeft UIInterfaceOrientationLandscapeRight";
				IPHONEOS_DEPLOYMENT_TARGET = 18.0;
				LD_RUNPATH_SEARCH_PATHS = (
					"$(inherited)",
					"@executable_path/Frameworks",
				);
				MARKETING_VERSION = 1.0;
				PRODUCT_BUNDLE_IDENTIFIER = com.JunKyuLee.AlamofireCombinePractice;
				PRODUCT_NAME = "$(TARGET_NAME)";
				SWIFT_EMIT_LOC_STRINGS = YES;
				SWIFT_VERSION = 5.0;
				TARGETED_DEVICE_FAMILY = "1,2";
			};
			name = Release;
		};
/* End XCBuildConfiguration section */

/* Begin XCConfigurationList section */
		F556A7472CF30E800067A12A /* Build configuration list for PBXProject "AlamofireCombinePractice" */ = {
			isa = XCConfigurationList;
			buildConfigurations = (
				F556A7582CF30E810067A12A /* Debug */,
				F556A7592CF30E810067A12A /* Release */,
			);
			defaultConfigurationIsVisible = 0;
			defaultConfigurationName = Release;
		};
		F556A75A2CF30E810067A12A /* Build configuration list for PBXNativeTarget "AlamofireCombinePractice" */ = {
			isa = XCConfigurationList;
			buildConfigurations = (
				F556A75B2CF30E810067A12A /* Debug */,
				F556A75C2CF30E810067A12A /* Release */,
			);
			defaultConfigurationIsVisible = 0;
			defaultConfigurationName = Release;
		};
/* End XCConfigurationList section */

/* Begin XCRemoteSwiftPackageReference section */
		F556A77A2CF3109E0067A12A /* XCRemoteSwiftPackageReference "Alamofire" */ = {
			isa = XCRemoteSwiftPackageReference;
			repositoryURL = "https://github.com/Alamofire/Alamofire.git";
			requirement = {
				kind = upToNextMajorVersion;
				minimumVersion = 5.10.0;
			};
		};
/* End XCRemoteSwiftPackageReference section */

/* Begin XCSwiftPackageProductDependency section */
		F556A77B2CF3109E0067A12A /* Alamofire */ = {
			isa = XCSwiftPackageProductDependency;
			package = F556A77A2CF3109E0067A12A /* XCRemoteSwiftPackageReference "Alamofire" */;
			productName = Alamofire;
		};
/* End XCSwiftPackageProductDependency section */
	};
	rootObject = F556A7442CF30E800067A12A /* Project object */;
}
