// !$*UTF8*$!
{
	archiveVersion = 1;
	classes = {
	};
	objectVersion = 77;
	objects = {

/* Begin PBXBuildFile section */
		F51D20F52CE837E00065A4AF /* BlueButtonView.swift in Sources */ = {isa = PBXBuildFile; fileRef = F51D20D32CE837E00065A4AF /* BlueButtonView.swift */; };
		F51D20F62CE837E00065A4AF /* GradientBackgroundView.swift in Sources */ = {isa = PBXBuildFile; fileRef = F51D20D42CE837E00065A4AF /* GradientBackgroundView.swift */; };
		F51D20F72CE837E00065A4AF /* InstagramTextFieldModifier.swift in Sources */ = {isa = PBXBuildFile; fileRef = F51D20D52CE837E00065A4AF /* InstagramTextFieldModifier.swift */; };
		F51D20F82CE837E00065A4AF /* SignUpBackgroundView.swift in Sources */ = {isa = PBXBuildFile; fileRef = F51D20D62CE837E00065A4AF /* SignUpBackgroundView.swift */; };
		F51D20F92CE837E00065A4AF /* LoginViewModel.swift in Sources */ = {isa = PBXBuildFile; fileRef = F51D20D82CE837E00065A4AF /* LoginViewModel.swift */; };
		F51D20FA2CE837E00065A4AF /* SignUpViewModel.swift in Sources */ = {isa = PBXBuildFile; fileRef = F51D20D92CE837E00065A4AF /* SignUpViewModel.swift */; };
		F51D20FB2CE837E00065A4AF /* CompleteSignUpView.swift in Sources */ = {isa = PBXBuildFile; fileRef = F51D20DB2CE837E00065A4AF /* CompleteSignUpView.swift */; };
		F51D20FC2CE837E00065A4AF /* EnterEmailView.swift in Sources */ = {isa = PBXBuildFile; fileRef = F51D20DC2CE837E00065A4AF /* EnterEmailView.swift */; };
		F51D20FD2CE837E00065A4AF /* EnterNameView.swift in Sources */ = {isa = PBXBuildFile; fileRef = F51D20DD2CE837E00065A4AF /* EnterNameView.swift */; };
		F51D20FE2CE837E00065A4AF /* EnterPasswordView.swift in Sources */ = {isa = PBXBuildFile; fileRef = F51D20DE2CE837E00065A4AF /* EnterPasswordView.swift */; };
		F51D20FF2CE837E00065A4AF /* EnterUserNameView.swift in Sources */ = {isa = PBXBuildFile; fileRef = F51D20DF2CE837E00065A4AF /* EnterUserNameView.swift */; };
		F51D21002CE837E00065A4AF /* LoginView.swift in Sources */ = {isa = PBXBuildFile; fileRef = F51D20E02CE837E00065A4AF /* LoginView.swift */; };
		F51D21012CE837E00065A4AF /* AuthManager.swift in Sources */ = {isa = PBXBuildFile; fileRef = F51D20E32CE837E00065A4AF /* AuthManager.swift */; };
		F51D21022CE837E00065A4AF /* Post.swift in Sources */ = {isa = PBXBuildFile; fileRef = F51D20E52CE837E00065A4AF /* Post.swift */; };
		F51D21032CE837E00065A4AF /* User.swift in Sources */ = {isa = PBXBuildFile; fileRef = F51D20E62CE837E00065A4AF /* User.swift */; };
		F51D21042CE837E00065A4AF /* NewPostView.swift in Sources */ = {isa = PBXBuildFile; fileRef = F51D20E82CE837E00065A4AF /* NewPostView.swift */; };
		F51D21052CE837E00065A4AF /* NewPostViewModel.swift in Sources */ = {isa = PBXBuildFile; fileRef = F51D20E92CE837E00065A4AF /* NewPostViewModel.swift */; };
		F51D21062CE837E00065A4AF /* ProfileView.swift in Sources */ = {isa = PBXBuildFile; fileRef = F51D20ED2CE837E00065A4AF /* ProfileView.swift */; };
		F51D21072CE837E00065A4AF /* ContentView.swift in Sources */ = {isa = PBXBuildFile; fileRef = F51D20F02CE837E00065A4AF /* ContentView.swift */; };
		F51D21082CE837E00065A4AF /* InstagramCloneApp.swift in Sources */ = {isa = PBXBuildFile; fileRef = F51D20F22CE837E00065A4AF /* InstagramCloneApp.swift */; };
		F51D21092CE837E00065A4AF /* MainTabView.swift in Sources */ = {isa = PBXBuildFile; fileRef = F51D20F32CE837E00065A4AF /* MainTabView.swift */; };
		F51D210A2CE837E00065A4AF /* Preview Assets.xcassets in Resources */ = {isa = PBXBuildFile; fileRef = F51D20EB2CE837E00065A4AF /* Preview Assets.xcassets */; };
		F51D210B2CE837E00065A4AF /* Assets.xcassets in Resources */ = {isa = PBXBuildFile; fileRef = F51D20EF2CE837E00065A4AF /* Assets.xcassets */; };
		F51D210C2CE837E00065A4AF /* GoogleService-Info.plist in Resources */ = {isa = PBXBuildFile; fileRef = F51D20F12CE837E00065A4AF /* GoogleService-Info.plist */; };
		F55C11DD2CBCF3BA007E4064 /* FirebaseAuth in Frameworks */ = {isa = PBXBuildFile; productRef = F55C11DC2CBCF3BA007E4064 /* FirebaseAuth */; };
		F55C11DF2CBCF3BA007E4064 /* FirebaseFirestore in Frameworks */ = {isa = PBXBuildFile; productRef = F55C11DE2CBCF3BA007E4064 /* FirebaseFirestore */; };
		F55C11E12CBCF3BA007E4064 /* FirebaseStorage in Frameworks */ = {isa = PBXBuildFile; productRef = F55C11E02CBCF3BA007E4064 /* FirebaseStorage */; };
		F5F9AC982CE85C5800576C32 /* ProfileEditingView.swift in Sources */ = {isa = PBXBuildFile; fileRef = F5F9AC972CE85C5800576C32 /* ProfileEditingView.swift */; };
		F5F9AC9A2CE8644D00576C32 /* ProfileViewModel.swift in Sources */ = {isa = PBXBuildFile; fileRef = F5F9AC992CE8644D00576C32 /* ProfileViewModel.swift */; };
/* End PBXBuildFile section */

/* Begin PBXFileReference section */
		F51D20D32CE837E00065A4AF /* BlueButtonView.swift */ = {isa = PBXFileReference; lastKnownFileType = sourcecode.swift; path = BlueButtonView.swift; sourceTree = "<group>"; };
		F51D20D42CE837E00065A4AF /* GradientBackgroundView.swift */ = {isa = PBXFileReference; lastKnownFileType = sourcecode.swift; path = GradientBackgroundView.swift; sourceTree = "<group>"; };
		F51D20D52CE837E00065A4AF /* InstagramTextFieldModifier.swift */ = {isa = PBXFileReference; lastKnownFileType = sourcecode.swift; path = InstagramTextFieldModifier.swift; sourceTree = "<group>"; };
		F51D20D62CE837E00065A4AF /* SignUpBackgroundView.swift */ = {isa = PBXFileReference; lastKnownFileType = sourcecode.swift; path = SignUpBackgroundView.swift; sourceTree = "<group>"; };
		F51D20D82CE837E00065A4AF /* LoginViewModel.swift */ = {isa = PBXFileReference; lastKnownFileType = sourcecode.swift; path = LoginViewModel.swift; sourceTree = "<group>"; };
		F51D20D92CE837E00065A4AF /* SignUpViewModel.swift */ = {isa = PBXFileReference; lastKnownFileType = sourcecode.swift; path = SignUpViewModel.swift; sourceTree = "<group>"; };
		F51D20DB2CE837E00065A4AF /* CompleteSignUpView.swift */ = {isa = PBXFileReference; lastKnownFileType = sourcecode.swift; path = CompleteSignUpView.swift; sourceTree = "<group>"; };
		F51D20DC2CE837E00065A4AF /* EnterEmailView.swift */ = {isa = PBXFileReference; lastKnownFileType = sourcecode.swift; path = EnterEmailView.swift; sourceTree = "<group>"; };
		F51D20DD2CE837E00065A4AF /* EnterNameView.swift */ = {isa = PBXFileReference; lastKnownFileType = sourcecode.swift; path = EnterNameView.swift; sourceTree = "<group>"; };
		F51D20DE2CE837E00065A4AF /* EnterPasswordView.swift */ = {isa = PBXFileReference; lastKnownFileType = sourcecode.swift; path = EnterPasswordView.swift; sourceTree = "<group>"; };
		F51D20DF2CE837E00065A4AF /* EnterUserNameView.swift */ = {isa = PBXFileReference; lastKnownFileType = sourcecode.swift; path = EnterUserNameView.swift; sourceTree = "<group>"; };
		F51D20E02CE837E00065A4AF /* LoginView.swift */ = {isa = PBXFileReference; lastKnownFileType = sourcecode.swift; path = LoginView.swift; sourceTree = "<group>"; };
		F51D20E32CE837E00065A4AF /* AuthManager.swift */ = {isa = PBXFileReference; lastKnownFileType = sourcecode.swift; path = AuthManager.swift; sourceTree = "<group>"; };
		F51D20E52CE837E00065A4AF /* Post.swift */ = {isa = PBXFileReference; lastKnownFileType = sourcecode.swift; path = Post.swift; sourceTree = "<group>"; };
		F51D20E62CE837E00065A4AF /* User.swift */ = {isa = PBXFileReference; lastKnownFileType = sourcecode.swift; path = User.swift; sourceTree = "<group>"; };
		F51D20E82CE837E00065A4AF /* NewPostView.swift */ = {isa = PBXFileReference; lastKnownFileType = sourcecode.swift; path = NewPostView.swift; sourceTree = "<group>"; };
		F51D20E92CE837E00065A4AF /* NewPostViewModel.swift */ = {isa = PBXFileReference; lastKnownFileType = sourcecode.swift; path = NewPostViewModel.swift; sourceTree = "<group>"; };
		F51D20EB2CE837E00065A4AF /* Preview Assets.xcassets */ = {isa = PBXFileReference; lastKnownFileType = folder.assetcatalog; path = "Preview Assets.xcassets"; sourceTree = "<group>"; };
		F51D20ED2CE837E00065A4AF /* ProfileView.swift */ = {isa = PBXFileReference; lastKnownFileType = sourcecode.swift; path = ProfileView.swift; sourceTree = "<group>"; };
		F51D20EF2CE837E00065A4AF /* Assets.xcassets */ = {isa = PBXFileReference; lastKnownFileType = folder.assetcatalog; path = Assets.xcassets; sourceTree = "<group>"; };
		F51D20F02CE837E00065A4AF /* ContentView.swift */ = {isa = PBXFileReference; lastKnownFileType = sourcecode.swift; path = ContentView.swift; sourceTree = "<group>"; };
		F51D20F12CE837E00065A4AF /* GoogleService-Info.plist */ = {isa = PBXFileReference; lastKnownFileType = text.plist.xml; path = "GoogleService-Info.plist"; sourceTree = "<group>"; };
		F51D20F22CE837E00065A4AF /* InstagramCloneApp.swift */ = {isa = PBXFileReference; lastKnownFileType = sourcecode.swift; path = InstagramCloneApp.swift; sourceTree = "<group>"; };
		F51D20F32CE837E00065A4AF /* MainTabView.swift */ = {isa = PBXFileReference; lastKnownFileType = sourcecode.swift; path = MainTabView.swift; sourceTree = "<group>"; };
		F5DC2C942CB4FF9C00809033 /* InstagramClone.app */ = {isa = PBXFileReference; explicitFileType = wrapper.application; includeInIndex = 0; path = InstagramClone.app; sourceTree = BUILT_PRODUCTS_DIR; };
		F5F9AC972CE85C5800576C32 /* ProfileEditingView.swift */ = {isa = PBXFileReference; lastKnownFileType = sourcecode.swift; path = ProfileEditingView.swift; sourceTree = "<group>"; };
		F5F9AC992CE8644D00576C32 /* ProfileViewModel.swift */ = {isa = PBXFileReference; lastKnownFileType = sourcecode.swift; path = ProfileViewModel.swift; sourceTree = "<group>"; };
/* End PBXFileReference section */

/* Begin PBXFrameworksBuildPhase section */
		F5DC2C912CB4FF9C00809033 /* Frameworks */ = {
			isa = PBXFrameworksBuildPhase;
			buildActionMask = 2147483647;
			files = (
				F55C11DD2CBCF3BA007E4064 /* FirebaseAuth in Frameworks */,
				F55C11DF2CBCF3BA007E4064 /* FirebaseFirestore in Frameworks */,
				F55C11E12CBCF3BA007E4064 /* FirebaseStorage in Frameworks */,
			);
			runOnlyForDeploymentPostprocessing = 0;
		};
/* End PBXFrameworksBuildPhase section */

/* Begin PBXGroup section */
		F51D20D72CE837E00065A4AF /* Common */ = {
			isa = PBXGroup;
			children = (
				F51D20D32CE837E00065A4AF /* BlueButtonView.swift */,
				F51D20D42CE837E00065A4AF /* GradientBackgroundView.swift */,
				F51D20D52CE837E00065A4AF /* InstagramTextFieldModifier.swift */,
				F51D20D62CE837E00065A4AF /* SignUpBackgroundView.swift */,
			);
			path = Common;
			sourceTree = "<group>";
		};
		F51D20DA2CE837E00065A4AF /*  ViewModel */ = {
			isa = PBXGroup;
			children = (
				F51D20D82CE837E00065A4AF /* LoginViewModel.swift */,
				F51D20D92CE837E00065A4AF /* SignUpViewModel.swift */,
			);
			path = " ViewModel";
			sourceTree = "<group>";
		};
		F51D20E12CE837E00065A4AF /* View */ = {
			isa = PBXGroup;
			children = (
				F51D20DB2CE837E00065A4AF /* CompleteSignUpView.swift */,
				F51D20DC2CE837E00065A4AF /* EnterEmailView.swift */,
				F51D20DD2CE837E00065A4AF /* EnterNameView.swift */,
				F51D20DE2CE837E00065A4AF /* EnterPasswordView.swift */,
				F51D20DF2CE837E00065A4AF /* EnterUserNameView.swift */,
				F51D20E02CE837E00065A4AF /* LoginView.swift */,
			);
			path = View;
			sourceTree = "<group>";
		};
		F51D20E22CE837E00065A4AF /* Login */ = {
			isa = PBXGroup;
			children = (
				F51D20DA2CE837E00065A4AF /*  ViewModel */,
				F51D20E12CE837E00065A4AF /* View */,
			);
			path = Login;
			sourceTree = "<group>";
		};
		F51D20E42CE837E00065A4AF /* Manager */ = {
			isa = PBXGroup;
			children = (
				F51D20E32CE837E00065A4AF /* AuthManager.swift */,
			);
			path = Manager;
			sourceTree = "<group>";
		};
		F51D20E72CE837E00065A4AF /* Model */ = {
			isa = PBXGroup;
			children = (
				F51D20E52CE837E00065A4AF /* Post.swift */,
				F51D20E62CE837E00065A4AF /* User.swift */,
			);
			path = Model;
			sourceTree = "<group>";
		};
		F51D20EA2CE837E00065A4AF /* NewPost */ = {
			isa = PBXGroup;
			children = (
				F51D20E82CE837E00065A4AF /* NewPostView.swift */,
				F51D20E92CE837E00065A4AF /* NewPostViewModel.swift */,
			);
			path = NewPost;
			sourceTree = "<group>";
		};
		F51D20EC2CE837E00065A4AF /* Preview Content */ = {
			isa = PBXGroup;
			children = (
				F51D20EB2CE837E00065A4AF /* Preview Assets.xcassets */,
			);
			path = "Preview Content";
			sourceTree = "<group>";
		};
		F51D20EE2CE837E00065A4AF /* Profile */ = {
			isa = PBXGroup;
			children = (
				F51D20ED2CE837E00065A4AF /* ProfileView.swift */,
				F5F9AC972CE85C5800576C32 /* ProfileEditingView.swift */,
				F5F9AC992CE8644D00576C32 /* ProfileViewModel.swift */,
			);
			path = Profile;
			sourceTree = "<group>";
		};
		F51D20F42CE837E00065A4AF /* InstagramClone */ = {
			isa = PBXGroup;
			children = (
				F51D20F22CE837E00065A4AF /* InstagramCloneApp.swift */,
				F51D20F02CE837E00065A4AF /* ContentView.swift */,
				F51D20F32CE837E00065A4AF /* MainTabView.swift */,
				F51D20D72CE837E00065A4AF /* Common */,
				F51D20E42CE837E00065A4AF /* Manager */,
				F51D20E22CE837E00065A4AF /* Login */,
				F51D20EA2CE837E00065A4AF /* NewPost */,
				F51D20EE2CE837E00065A4AF /* Profile */,
				F51D20E72CE837E00065A4AF /* Model */,
				F51D20EF2CE837E00065A4AF /* Assets.xcassets */,
				F51D20F12CE837E00065A4AF /* GoogleService-Info.plist */,
				F51D20EC2CE837E00065A4AF /* Preview Content */,
			);
			path = InstagramClone;
			sourceTree = "<group>";
		};
		F5DC2C8B2CB4FF9C00809033 = {
			isa = PBXGroup;
			children = (
				F51D20F42CE837E00065A4AF /* InstagramClone */,
				F5DC2C952CB4FF9C00809033 /* Products */,
			);
			sourceTree = "<group>";
		};
		F5DC2C952CB4FF9C00809033 /* Products */ = {
			isa = PBXGroup;
			children = (
				F5DC2C942CB4FF9C00809033 /* InstagramClone.app */,
			);
			name = Products;
			sourceTree = "<group>";
		};
/* End PBXGroup section */

/* Begin PBXNativeTarget section */
		F5DC2C932CB4FF9C00809033 /* InstagramClone */ = {
			isa = PBXNativeTarget;
			buildConfigurationList = F5DC2CA22CB4FF9F00809033 /* Build configuration list for PBXNativeTarget "InstagramClone" */;
			buildPhases = (
				F5DC2C902CB4FF9C00809033 /* Sources */,
				F5DC2C912CB4FF9C00809033 /* Frameworks */,
				F5DC2C922CB4FF9C00809033 /* Resources */,
			);
			buildRules = (
			);
			dependencies = (
			);
			name = InstagramClone;
			packageProductDependencies = (
				F55C11DC2CBCF3BA007E4064 /* FirebaseAuth */,
				F55C11DE2CBCF3BA007E4064 /* FirebaseFirestore */,
				F55C11E02CBCF3BA007E4064 /* FirebaseStorage */,
			);
			productName = InstagramClone;
			productReference = F5DC2C942CB4FF9C00809033 /* InstagramClone.app */;
			productType = "com.apple.product-type.application";
		};
/* End PBXNativeTarget section */

/* Begin PBXProject section */
		F5DC2C8C2CB4FF9C00809033 /* Project object */ = {
			isa = PBXProject;
			attributes = {
				BuildIndependentTargetsInParallel = 1;
				LastSwiftUpdateCheck = 1600;
				LastUpgradeCheck = 1600;
				TargetAttributes = {
					F5DC2C932CB4FF9C00809033 = {
						CreatedOnToolsVersion = 16.0;
					};
				};
			};
			buildConfigurationList = F5DC2C8F2CB4FF9C00809033 /* Build configuration list for PBXProject "InstagramClone" */;
			developmentRegion = en;
			hasScannedForEncodings = 0;
			knownRegions = (
				en,
				Base,
			);
			mainGroup = F5DC2C8B2CB4FF9C00809033;
			minimizedProjectReferenceProxies = 1;
			packageReferences = (
				F55C11DB2CBCF3BA007E4064 /* XCRemoteSwiftPackageReference "firebase-ios-sdk" */,
			);
			preferredProjectObjectVersion = 77;
			productRefGroup = F5DC2C952CB4FF9C00809033 /* Products */;
			projectDirPath = "";
			projectRoot = "";
			targets = (
				F5DC2C932CB4FF9C00809033 /* InstagramClone */,
			);
		};
/* End PBXProject section */

/* Begin PBXResourcesBuildPhase section */
		F5DC2C922CB4FF9C00809033 /* Resources */ = {
			isa = PBXResourcesBuildPhase;
			buildActionMask = 2147483647;
			files = (
				F51D210A2CE837E00065A4AF /* Preview Assets.xcassets in Resources */,
				F51D210B2CE837E00065A4AF /* Assets.xcassets in Resources */,
				F51D210C2CE837E00065A4AF /* GoogleService-Info.plist in Resources */,
			);
			runOnlyForDeploymentPostprocessing = 0;
		};
/* End PBXResourcesBuildPhase section */

/* Begin PBXSourcesBuildPhase section */
		F5DC2C902CB4FF9C00809033 /* Sources */ = {
			isa = PBXSourcesBuildPhase;
			buildActionMask = 2147483647;
			files = (
				F51D20F52CE837E00065A4AF /* BlueButtonView.swift in Sources */,
				F51D20F62CE837E00065A4AF /* GradientBackgroundView.swift in Sources */,
				F51D20F72CE837E00065A4AF /* InstagramTextFieldModifier.swift in Sources */,
				F51D20F82CE837E00065A4AF /* SignUpBackgroundView.swift in Sources */,
				F51D20F92CE837E00065A4AF /* LoginViewModel.swift in Sources */,
				F5F9AC982CE85C5800576C32 /* ProfileEditingView.swift in Sources */,
				F51D20FA2CE837E00065A4AF /* SignUpViewModel.swift in Sources */,
				F51D20FB2CE837E00065A4AF /* CompleteSignUpView.swift in Sources */,
				F51D20FC2CE837E00065A4AF /* EnterEmailView.swift in Sources */,
				F51D20FD2CE837E00065A4AF /* EnterNameView.swift in Sources */,
				F51D20FE2CE837E00065A4AF /* EnterPasswordView.swift in Sources */,
				F51D20FF2CE837E00065A4AF /* EnterUserNameView.swift in Sources */,
				F51D21002CE837E00065A4AF /* LoginView.swift in Sources */,
				F51D21012CE837E00065A4AF /* AuthManager.swift in Sources */,
				F51D21022CE837E00065A4AF /* Post.swift in Sources */,
				F5F9AC9A2CE8644D00576C32 /* ProfileViewModel.swift in Sources */,
				F51D21032CE837E00065A4AF /* User.swift in Sources */,
				F51D21042CE837E00065A4AF /* NewPostView.swift in Sources */,
				F51D21052CE837E00065A4AF /* NewPostViewModel.swift in Sources */,
				F51D21062CE837E00065A4AF /* ProfileView.swift in Sources */,
				F51D21072CE837E00065A4AF /* ContentView.swift in Sources */,
				F51D21082CE837E00065A4AF /* InstagramCloneApp.swift in Sources */,
				F51D21092CE837E00065A4AF /* MainTabView.swift in Sources */,
			);
			runOnlyForDeploymentPostprocessing = 0;
		};
/* End PBXSourcesBuildPhase section */

/* Begin XCBuildConfiguration section */
		F5DC2CA02CB4FF9F00809033 /* Debug */ = {
			isa = XCBuildConfiguration;
			buildSettings = {
				ALWAYS_SEARCH_USER_PATHS = NO;
				ASSETCATALOG_COMPILER_GENERATE_SWIFT_ASSET_SYMBOL_EXTENSIONS = YES;
				CLANG_ANALYZER_NONNULL = YES;
				CLANG_ANALYZER_NUMBER_OBJECT_CONVERSION = YES_AGGRESSIVE;
				CLANG_CXX_LANGUAGE_STANDARD = "gnu++20";
				CLANG_ENABLE_MODULES = YES;
				CLANG_ENABLE_OBJC_ARC = YES;
				CLANG_ENABLE_OBJC_WEAK = YES;
				CLANG_WARN_BLOCK_CAPTURE_AUTORELEASING = YES;
				CLANG_WARN_BOOL_CONVERSION = YES;
				CLANG_WARN_COMMA = YES;
				CLANG_WARN_CONSTANT_CONVERSION = YES;
				CLANG_WARN_DEPRECATED_OBJC_IMPLEMENTATIONS = YES;
				CLANG_WARN_DIRECT_OBJC_ISA_USAGE = YES_ERROR;
				CLANG_WARN_DOCUMENTATION_COMMENTS = YES;
				CLANG_WARN_EMPTY_BODY = YES;
				CLANG_WARN_ENUM_CONVERSION = YES;
				CLANG_WARN_INFINITE_RECURSION = YES;
				CLANG_WARN_INT_CONVERSION = YES;
				CLANG_WARN_NON_LITERAL_NULL_CONVERSION = YES;
				CLANG_WARN_OBJC_IMPLICIT_RETAIN_SELF = YES;
				CLANG_WARN_OBJC_LITERAL_CONVERSION = YES;
				CLANG_WARN_OBJC_ROOT_CLASS = YES_ERROR;
				CLANG_WARN_QUOTED_INCLUDE_IN_FRAMEWORK_HEADER = YES;
				CLANG_WARN_RANGE_LOOP_ANALYSIS = YES;
				CLANG_WARN_STRICT_PROTOTYPES = YES;
				CLANG_WARN_SUSPICIOUS_MOVE = YES;
				CLANG_WARN_UNGUARDED_AVAILABILITY = YES_AGGRESSIVE;
				CLANG_WARN_UNREACHABLE_CODE = YES;
				CLANG_WARN__DUPLICATE_METHOD_MATCH = YES;
				COPY_PHASE_STRIP = NO;
				DEBUG_INFORMATION_FORMAT = dwarf;
				ENABLE_STRICT_OBJC_MSGSEND = YES;
				ENABLE_TESTABILITY = YES;
				ENABLE_USER_SCRIPT_SANDBOXING = YES;
				GCC_C_LANGUAGE_STANDARD = gnu17;
				GCC_DYNAMIC_NO_PIC = NO;
				GCC_NO_COMMON_BLOCKS = YES;
				GCC_OPTIMIZATION_LEVEL = 0;
				GCC_PREPROCESSOR_DEFINITIONS = (
					"DEBUG=1",
					"$(inherited)",
				);
				GCC_WARN_64_TO_32_BIT_CONVERSION = YES;
				GCC_WARN_ABOUT_RETURN_TYPE = YES_ERROR;
				GCC_WARN_UNDECLARED_SELECTOR = YES;
				GCC_WARN_UNINITIALIZED_AUTOS = YES_AGGRESSIVE;
				GCC_WARN_UNUSED_FUNCTION = YES;
				GCC_WARN_UNUSED_VARIABLE = YES;
				IPHONEOS_DEPLOYMENT_TARGET = 18.0;
				LOCALIZATION_PREFERS_STRING_CATALOGS = YES;
				MTL_ENABLE_DEBUG_INFO = INCLUDE_SOURCE;
				MTL_FAST_MATH = YES;
				ONLY_ACTIVE_ARCH = YES;
				SDKROOT = iphoneos;
				SWIFT_ACTIVE_COMPILATION_CONDITIONS = "DEBUG $(inherited)";
				SWIFT_OPTIMIZATION_LEVEL = "-Onone";
			};
			name = Debug;
		};
		F5DC2CA12CB4FF9F00809033 /* Release */ = {
			isa = XCBuildConfiguration;
			buildSettings = {
				ALWAYS_SEARCH_USER_PATHS = NO;
				ASSETCATALOG_COMPILER_GENERATE_SWIFT_ASSET_SYMBOL_EXTENSIONS = YES;
				CLANG_ANALYZER_NONNULL = YES;
				CLANG_ANALYZER_NUMBER_OBJECT_CONVERSION = YES_AGGRESSIVE;
				CLANG_CXX_LANGUAGE_STANDARD = "gnu++20";
				CLANG_ENABLE_MODULES = YES;
				CLANG_ENABLE_OBJC_ARC = YES;
				CLANG_ENABLE_OBJC_WEAK = YES;
				CLANG_WARN_BLOCK_CAPTURE_AUTORELEASING = YES;
				CLANG_WARN_BOOL_CONVERSION = YES;
				CLANG_WARN_COMMA = YES;
				CLANG_WARN_CONSTANT_CONVERSION = YES;
				CLANG_WARN_DEPRECATED_OBJC_IMPLEMENTATIONS = YES;
				CLANG_WARN_DIRECT_OBJC_ISA_USAGE = YES_ERROR;
				CLANG_WARN_DOCUMENTATION_COMMENTS = YES;
				CLANG_WARN_EMPTY_BODY = YES;
				CLANG_WARN_ENUM_CONVERSION = YES;
				CLANG_WARN_INFINITE_RECURSION = YES;
				CLANG_WARN_INT_CONVERSION = YES;
				CLANG_WARN_NON_LITERAL_NULL_CONVERSION = YES;
				CLANG_WARN_OBJC_IMPLICIT_RETAIN_SELF = YES;
				CLANG_WARN_OBJC_LITERAL_CONVERSION = YES;
				CLANG_WARN_OBJC_ROOT_CLASS = YES_ERROR;
				CLANG_WARN_QUOTED_INCLUDE_IN_FRAMEWORK_HEADER = YES;
				CLANG_WARN_RANGE_LOOP_ANALYSIS = YES;
				CLANG_WARN_STRICT_PROTOTYPES = YES;
				CLANG_WARN_SUSPICIOUS_MOVE = YES;
				CLANG_WARN_UNGUARDED_AVAILABILITY = YES_AGGRESSIVE;
				CLANG_WARN_UNREACHABLE_CODE = YES;
				CLANG_WARN__DUPLICATE_METHOD_MATCH = YES;
				COPY_PHASE_STRIP = NO;
				DEBUG_INFORMATION_FORMAT = "dwarf-with-dsym";
				ENABLE_NS_ASSERTIONS = NO;
				ENABLE_STRICT_OBJC_MSGSEND = YES;
				ENABLE_USER_SCRIPT_SANDBOXING = YES;
				GCC_C_LANGUAGE_STANDARD = gnu17;
				GCC_NO_COMMON_BLOCKS = YES;
				GCC_WARN_64_TO_32_BIT_CONVERSION = YES;
				GCC_WARN_ABOUT_RETURN_TYPE = YES_ERROR;
				GCC_WARN_UNDECLARED_SELECTOR = YES;
				GCC_WARN_UNINITIALIZED_AUTOS = YES_AGGRESSIVE;
				GCC_WARN_UNUSED_FUNCTION = YES;
				GCC_WARN_UNUSED_VARIABLE = YES;
				IPHONEOS_DEPLOYMENT_TARGET = 18.0;
				LOCALIZATION_PREFERS_STRING_CATALOGS = YES;
				MTL_ENABLE_DEBUG_INFO = NO;
				MTL_FAST_MATH = YES;
				SDKROOT = iphoneos;
				SWIFT_COMPILATION_MODE = wholemodule;
				VALIDATE_PRODUCT = YES;
			};
			name = Release;
		};
		F5DC2CA32CB4FF9F00809033 /* Debug */ = {
			isa = XCBuildConfiguration;
			buildSettings = {
				ASSETCATALOG_COMPILER_APPICON_NAME = AppIcon;
				ASSETCATALOG_COMPILER_GLOBAL_ACCENT_COLOR_NAME = AccentColor;
				CODE_SIGN_STYLE = Automatic;
				CURRENT_PROJECT_VERSION = 1;
				DEVELOPMENT_ASSET_PATHS = "\"InstagramClone/Preview Content\"";
				DEVELOPMENT_TEAM = Q576T6797N;
				ENABLE_PREVIEWS = YES;
				GENERATE_INFOPLIST_FILE = YES;
				INFOPLIST_KEY_UIApplicationSceneManifest_Generation = YES;
				INFOPLIST_KEY_UIApplicationSupportsIndirectInputEvents = YES;
				INFOPLIST_KEY_UILaunchScreen_Generation = YES;
				INFOPLIST_KEY_UISupportedInterfaceOrientations_iPad = "UIInterfaceOrientationPortrait UIInterfaceOrientationPortraitUpsideDown UIInterfaceOrientationLandscapeLeft UIInterfaceOrientationLandscapeRight";
				INFOPLIST_KEY_UISupportedInterfaceOrientations_iPhone = "UIInterfaceOrientationPortrait UIInterfaceOrientationLandscapeLeft UIInterfaceOrientationLandscapeRight";
				LD_RUNPATH_SEARCH_PATHS = (
					"$(inherited)",
					"@executable_path/Frameworks",
				);
				MARKETING_VERSION = 1.0;
				PRODUCT_BUNDLE_IDENTIFIER = com.JunKyuLee.InstagramClone;
				PRODUCT_NAME = "$(TARGET_NAME)";
				SWIFT_EMIT_LOC_STRINGS = YES;
				SWIFT_VERSION = 5.0;
				TARGETED_DEVICE_FAMILY = "1,2";
			};
			name = Debug;
		};
		F5DC2CA42CB4FF9F00809033 /* Release */ = {
			isa = XCBuildConfiguration;
			buildSettings = {
				ASSETCATALOG_COMPILER_APPICON_NAME = AppIcon;
				ASSETCATALOG_COMPILER_GLOBAL_ACCENT_COLOR_NAME = AccentColor;
				CODE_SIGN_STYLE = Automatic;
				CURRENT_PROJECT_VERSION = 1;
				DEVELOPMENT_ASSET_PATHS = "\"InstagramClone/Preview Content\"";
				DEVELOPMENT_TEAM = Q576T6797N;
				ENABLE_PREVIEWS = YES;
				GENERATE_INFOPLIST_FILE = YES;
				INFOPLIST_KEY_UIApplicationSceneManifest_Generation = YES;
				INFOPLIST_KEY_UIApplicationSupportsIndirectInputEvents = YES;
				INFOPLIST_KEY_UILaunchScreen_Generation = YES;
				INFOPLIST_KEY_UISupportedInterfaceOrientations_iPad = "UIInterfaceOrientationPortrait UIInterfaceOrientationPortraitUpsideDown UIInterfaceOrientationLandscapeLeft UIInterfaceOrientationLandscapeRight";
				INFOPLIST_KEY_UISupportedInterfaceOrientations_iPhone = "UIInterfaceOrientationPortrait UIInterfaceOrientationLandscapeLeft UIInterfaceOrientationLandscapeRight";
				LD_RUNPATH_SEARCH_PATHS = (
					"$(inherited)",
					"@executable_path/Frameworks",
				);
				MARKETING_VERSION = 1.0;
				PRODUCT_BUNDLE_IDENTIFIER = com.JunKyuLee.InstagramClone;
				PRODUCT_NAME = "$(TARGET_NAME)";
				SWIFT_EMIT_LOC_STRINGS = YES;
				SWIFT_VERSION = 5.0;
				TARGETED_DEVICE_FAMILY = "1,2";
			};
			name = Release;
		};
/* End XCBuildConfiguration section */

/* Begin XCConfigurationList section */
		F5DC2C8F2CB4FF9C00809033 /* Build configuration list for PBXProject "InstagramClone" */ = {
			isa = XCConfigurationList;
			buildConfigurations = (
				F5DC2CA02CB4FF9F00809033 /* Debug */,
				F5DC2CA12CB4FF9F00809033 /* Release */,
			);
			defaultConfigurationIsVisible = 0;
			defaultConfigurationName = Release;
		};
		F5DC2CA22CB4FF9F00809033 /* Build configuration list for PBXNativeTarget "InstagramClone" */ = {
			isa = XCConfigurationList;
			buildConfigurations = (
				F5DC2CA32CB4FF9F00809033 /* Debug */,
				F5DC2CA42CB4FF9F00809033 /* Release */,
			);
			defaultConfigurationIsVisible = 0;
			defaultConfigurationName = Release;
		};
/* End XCConfigurationList section */

/* Begin XCRemoteSwiftPackageReference section */
		F55C11DB2CBCF3BA007E4064 /* XCRemoteSwiftPackageReference "firebase-ios-sdk" */ = {
			isa = XCRemoteSwiftPackageReference;
			repositoryURL = "https://github.com/firebase/firebase-ios-sdk";
			requirement = {
				kind = upToNextMajorVersion;
				minimumVersion = 11.3.0;
			};
		};
/* End XCRemoteSwiftPackageReference section */

/* Begin XCSwiftPackageProductDependency section */
		F55C11DC2CBCF3BA007E4064 /* FirebaseAuth */ = {
			isa = XCSwiftPackageProductDependency;
			package = F55C11DB2CBCF3BA007E4064 /* XCRemoteSwiftPackageReference "firebase-ios-sdk" */;
			productName = FirebaseAuth;
		};
		F55C11DE2CBCF3BA007E4064 /* FirebaseFirestore */ = {
			isa = XCSwiftPackageProductDependency;
			package = F55C11DB2CBCF3BA007E4064 /* XCRemoteSwiftPackageReference "firebase-ios-sdk" */;
			productName = FirebaseFirestore;
		};
		F55C11E02CBCF3BA007E4064 /* FirebaseStorage */ = {
			isa = XCSwiftPackageProductDependency;
			package = F55C11DB2CBCF3BA007E4064 /* XCRemoteSwiftPackageReference "firebase-ios-sdk" */;
			productName = FirebaseStorage;
		};
/* End XCSwiftPackageProductDependency section */
	};
	rootObject = F5DC2C8C2CB4FF9C00809033 /* Project object */;
}
